// !$*UTF8*$!
{
	archiveVersion = 1;
	classes = {
	};
	objectVersion = 55;
	objects = {

/* Begin PBXBuildFile section */
		333E6D5F280CE9D2001274D2 /* RealmManager.swift in Sources */ = {isa = PBXBuildFile; fileRef = 333E6D5E280CE9D2001274D2 /* RealmManager.swift */; };
		333E6D61280CEAB0001274D2 /* Task.swift in Sources */ = {isa = PBXBuildFile; fileRef = 333E6D60280CEAB0001274D2 /* Task.swift */; };
		33651086280CE03500299BFB /* todo_appApp.swift in Sources */ = {isa = PBXBuildFile; fileRef = 33651085280CE03500299BFB /* todo_appApp.swift */; };
		33651088280CE03500299BFB /* ContentView.swift in Sources */ = {isa = PBXBuildFile; fileRef = 33651087280CE03500299BFB /* ContentView.swift */; };
		3365108A280CE03700299BFB /* Assets.xcassets in Resources */ = {isa = PBXBuildFile; fileRef = 33651089280CE03700299BFB /* Assets.xcassets */; };
		3365108D280CE03700299BFB /* Preview Assets.xcassets in Resources */ = {isa = PBXBuildFile; fileRef = 3365108C280CE03700299BFB /* Preview Assets.xcassets */; };
		33651094280CE07E00299BFB /* TasksView.swift in Sources */ = {isa = PBXBuildFile; fileRef = 33651093280CE07E00299BFB /* TasksView.swift */; };
		33651097280CE24000299BFB /* TaskRow.swift in Sources */ = {isa = PBXBuildFile; fileRef = 33651096280CE24000299BFB /* TaskRow.swift */; };
		33651099280CE2D100299BFB /* AddTaskView.swift in Sources */ = {isa = PBXBuildFile; fileRef = 33651098280CE2D100299BFB /* AddTaskView.swift */; };
		3365109C280CE4FE00299BFB /* SmallAddButton.swift in Sources */ = {isa = PBXBuildFile; fileRef = 3365109B280CE4FE00299BFB /* SmallAddButton.swift */; };
		3365109F280CE91700299BFB /* Realm in Frameworks */ = {isa = PBXBuildFile; productRef = 3365109E280CE91700299BFB /* Realm */; };
		336510A1280CE91700299BFB /* RealmSwift in Frameworks */ = {isa = PBXBuildFile; productRef = 336510A0280CE91700299BFB /* RealmSwift */; };
/* End PBXBuildFile section */

/* Begin PBXFileReference section */
		333E6D5E280CE9D2001274D2 /* RealmManager.swift */ = {isa = PBXFileReference; lastKnownFileType = sourcecode.swift; path = RealmManager.swift; sourceTree = "<group>"; };
		333E6D60280CEAB0001274D2 /* Task.swift */ = {isa = PBXFileReference; lastKnownFileType = sourcecode.swift; path = Task.swift; sourceTree = "<group>"; };
		33651082280CE03500299BFB /* todo_app.app */ = {isa = PBXFileReference; explicitFileType = wrapper.application; includeInIndex = 0; path = todo_app.app; sourceTree = BUILT_PRODUCTS_DIR; };
		33651085280CE03500299BFB /* todo_appApp.swift */ = {isa = PBXFileReference; lastKnownFileType = sourcecode.swift; path = todo_appApp.swift; sourceTree = "<group>"; };
		33651087280CE03500299BFB /* ContentView.swift */ = {isa = PBXFileReference; lastKnownFileType = sourcecode.swift; path = ContentView.swift; sourceTree = "<group>"; };
		33651089280CE03700299BFB /* Assets.xcassets */ = {isa = PBXFileReference; lastKnownFileType = folder.assetcatalog; path = Assets.xcassets; sourceTree = "<group>"; };
		3365108C280CE03700299BFB /* Preview Assets.xcassets */ = {isa = PBXFileReference; lastKnownFileType = folder.assetcatalog; path = "Preview Assets.xcassets"; sourceTree = "<group>"; };
		33651093280CE07E00299BFB /* TasksView.swift */ = {isa = PBXFileReference; lastKnownFileType = sourcecode.swift; path = TasksView.swift; sourceTree = "<group>"; };
		33651096280CE24000299BFB /* TaskRow.swift */ = {isa = PBXFileReference; lastKnownFileType = sourcecode.swift; path = TaskRow.swift; sourceTree = "<group>"; };
		33651098280CE2D100299BFB /* AddTaskView.swift */ = {isa = PBXFileReference; lastKnownFileType = sourcecode.swift; path = AddTaskView.swift; sourceTree = "<group>"; };
		3365109B280CE4FE00299BFB /* SmallAddButton.swift */ = {isa = PBXFileReference; lastKnownFileType = sourcecode.swift; path = SmallAddButton.swift; sourceTree = "<group>"; };
/* End PBXFileReference section */

/* Begin PBXFrameworksBuildPhase section */
		3365107F280CE03500299BFB /* Frameworks */ = {
			isa = PBXFrameworksBuildPhase;
			buildActionMask = 2147483647;
			files = (
				336510A1280CE91700299BFB /* RealmSwift in Frameworks */,
				3365109F280CE91700299BFB /* Realm in Frameworks */,
			);
			runOnlyForDeploymentPostprocessing = 0;
		};
/* End PBXFrameworksBuildPhase section */

/* Begin PBXGroup section */
		33651079280CE03500299BFB = {
			isa = PBXGroup;
			children = (
				3365109A280CE4E800299BFB /* Components */,
				33651095280CE08D00299BFB /* Views */,
				33651084280CE03500299BFB /* todo_app */,
				33651083280CE03500299BFB /* Products */,
			);
			sourceTree = "<group>";
		};
		33651083280CE03500299BFB /* Products */ = {
			isa = PBXGroup;
			children = (
				33651082280CE03500299BFB /* todo_app.app */,
			);
			name = Products;
			sourceTree = "<group>";
		};
		33651084280CE03500299BFB /* todo_app */ = {
			isa = PBXGroup;
			children = (
				33651085280CE03500299BFB /* todo_appApp.swift */,
				33651089280CE03700299BFB /* Assets.xcassets */,
				3365108B280CE03700299BFB /* Preview Content */,
				333E6D5E280CE9D2001274D2 /* RealmManager.swift */,
				333E6D60280CEAB0001274D2 /* Task.swift */,
			);
			path = todo_app;
			sourceTree = "<group>";
		};
		3365108B280CE03700299BFB /* Preview Content */ = {
			isa = PBXGroup;
			children = (
				3365108C280CE03700299BFB /* Preview Assets.xcassets */,
			);
			path = "Preview Content";
			sourceTree = "<group>";
		};
		33651095280CE08D00299BFB /* Views */ = {
			isa = PBXGroup;
			children = (
				33651093280CE07E00299BFB /* TasksView.swift */,
				33651087280CE03500299BFB /* ContentView.swift */,
				33651098280CE2D100299BFB /* AddTaskView.swift */,
			);
			path = Views;
			sourceTree = "<group>";
		};
		3365109A280CE4E800299BFB /* Components */ = {
			isa = PBXGroup;
			children = (
				3365109B280CE4FE00299BFB /* SmallAddButton.swift */,
				33651096280CE24000299BFB /* TaskRow.swift */,
			);
			path = Components;
			sourceTree = "<group>";
		};
/* End PBXGroup section */

/* Begin PBXNativeTarget section */
		33651081280CE03500299BFB /* todo_app */ = {
			isa = PBXNativeTarget;
			buildConfigurationList = 33651090280CE03700299BFB /* Build configuration list for PBXNativeTarget "todo_app" */;
			buildPhases = (
				3365107E280CE03500299BFB /* Sources */,
				3365107F280CE03500299BFB /* Frameworks */,
				33651080280CE03500299BFB /* Resources */,
			);
			buildRules = (
			);
			dependencies = (
			);
			name = todo_app;
			packageProductDependencies = (
				3365109E280CE91700299BFB /* Realm */,
				336510A0280CE91700299BFB /* RealmSwift */,
			);
			productName = todo_app;
			productReference = 33651082280CE03500299BFB /* todo_app.app */;
			productType = "com.apple.product-type.application";
		};
/* End PBXNativeTarget section */

/* Begin PBXProject section */
		3365107A280CE03500299BFB /* Project object */ = {
			isa = PBXProject;
			attributes = {
				BuildIndependentTargetsInParallel = 1;
				LastSwiftUpdateCheck = 1330;
				LastUpgradeCheck = 1330;
				TargetAttributes = {
					33651081280CE03500299BFB = {
						CreatedOnToolsVersion = 13.3.1;
					};
				};
			};
			buildConfigurationList = 3365107D280CE03500299BFB /* Build configuration list for PBXProject "todo_app" */;
			compatibilityVersion = "Xcode 13.0";
			developmentRegion = en;
			hasScannedForEncodings = 0;
			knownRegions = (
				en,
				Base,
			);
			mainGroup = 33651079280CE03500299BFB;
			packageReferences = (
				3365109D280CE91700299BFB /* XCRemoteSwiftPackageReference "realm-swift" */,
			);
			productRefGroup = 33651083280CE03500299BFB /* Products */;
			projectDirPath = "";
			projectRoot = "";
			targets = (
				33651081280CE03500299BFB /* todo_app */,
			);
		};
/* End PBXProject section */

/* Begin PBXResourcesBuildPhase section */
		33651080280CE03500299BFB /* Resources */ = {
			isa = PBXResourcesBuildPhase;
			buildActionMask = 2147483647;
			files = (
				3365108D280CE03700299BFB /* Preview Assets.xcassets in Resources */,
				3365108A280CE03700299BFB /* Assets.xcassets in Resources */,
			);
			runOnlyForDeploymentPostprocessing = 0;
		};
/* End PBXResourcesBuildPhase section */

/* Begin PBXSourcesBuildPhase section */
		3365107E280CE03500299BFB /* Sources */ = {
			isa = PBXSourcesBuildPhase;
			buildActionMask = 2147483647;
			files = (
				333E6D61280CEAB0001274D2 /* Task.swift in Sources */,
				33651088280CE03500299BFB /* ContentView.swift in Sources */,
				33651099280CE2D100299BFB /* AddTaskView.swift in Sources */,
				33651094280CE07E00299BFB /* TasksView.swift in Sources */,
				3365109C280CE4FE00299BFB /* SmallAddButton.swift in Sources */,
				33651086280CE03500299BFB /* todo_appApp.swift in Sources */,
				333E6D5F280CE9D2001274D2 /* RealmManager.swift in Sources */,
				33651097280CE24000299BFB /* TaskRow.swift in Sources */,
			);
			runOnlyForDeploymentPostprocessing = 0;
		};
/* End PBXSourcesBuildPhase section */

/* Begin XCBuildConfiguration section */
		3365108E280CE03700299BFB /* Debug */ = {
			isa = XCBuildConfiguration;
			buildSettings = {
				ALWAYS_SEARCH_USER_PATHS = NO;
				CLANG_ANALYZER_NONNULL = YES;
				CLANG_ANALYZER_NUMBER_OBJECT_CONVERSION = YES_AGGRESSIVE;
				CLANG_CXX_LANGUAGE_STANDARD = "gnu++17";
				CLANG_ENABLE_MODULES = YES;
				CLANG_ENABLE_OBJC_ARC = YES;
				CLANG_ENABLE_OBJC_WEAK = YES;
				CLANG_WARN_BLOCK_CAPTURE_AUTORELEASING = YES;
				CLANG_WARN_BOOL_CONVERSION = YES;
				CLANG_WARN_COMMA = YES;
				CLANG_WARN_CONSTANT_CONVERSION = YES;
				CLANG_WARN_DEPRECATED_OBJC_IMPLEMENTATIONS = YES;
				CLANG_WARN_DIRECT_OBJC_ISA_USAGE = YES_ERROR;
				CLANG_WARN_DOCUMENTATION_COMMENTS = YES;
				CLANG_WARN_EMPTY_BODY = YES;
				CLANG_WARN_ENUM_CONVERSION = YES;
				CLANG_WARN_INFINITE_RECURSION = YES;
				CLANG_WARN_INT_CONVERSION = YES;
				CLANG_WARN_NON_LITERAL_NULL_CONVERSION = YES;
				CLANG_WARN_OBJC_IMPLICIT_RETAIN_SELF = YES;
				CLANG_WARN_OBJC_LITERAL_CONVERSION = YES;
				CLANG_WARN_OBJC_ROOT_CLASS = YES_ERROR;
				CLANG_WARN_QUOTED_INCLUDE_IN_FRAMEWORK_HEADER = YES;
				CLANG_WARN_RANGE_LOOP_ANALYSIS = YES;
				CLANG_WARN_STRICT_PROTOTYPES = YES;
				CLANG_WARN_SUSPICIOUS_MOVE = YES;
				CLANG_WARN_UNGUARDED_AVAILABILITY = YES_AGGRESSIVE;
				CLANG_WARN_UNREACHABLE_CODE = YES;
				CLANG_WARN__DUPLICATE_METHOD_MATCH = YES;
				COPY_PHASE_STRIP = NO;
				DEBUG_INFORMATION_FORMAT = dwarf;
				ENABLE_STRICT_OBJC_MSGSEND = YES;
				ENABLE_TESTABILITY = YES;
				GCC_C_LANGUAGE_STANDARD = gnu11;
				GCC_DYNAMIC_NO_PIC = NO;
				GCC_NO_COMMON_BLOCKS = YES;
				GCC_OPTIMIZATION_LEVEL = 0;
				GCC_PREPROCESSOR_DEFINITIONS = (
					"DEBUG=1",
					"$(inherited)",
				);
				GCC_WARN_64_TO_32_BIT_CONVERSION = YES;
				GCC_WARN_ABOUT_RETURN_TYPE = YES_ERROR;
				GCC_WARN_UNDECLARED_SELECTOR = YES;
				GCC_WARN_UNINITIALIZED_AUTOS = YES_AGGRESSIVE;
				GCC_WARN_UNUSED_FUNCTION = YES;
				GCC_WARN_UNUSED_VARIABLE = YES;
				IPHONEOS_DEPLOYMENT_TARGET = 15.4;
				MTL_ENABLE_DEBUG_INFO = INCLUDE_SOURCE;
				MTL_FAST_MATH = YES;
				ONLY_ACTIVE_ARCH = YES;
				SDKROOT = iphoneos;
				SWIFT_ACTIVE_COMPILATION_CONDITIONS = DEBUG;
				SWIFT_OPTIMIZATION_LEVEL = "-Onone";
			};
			name = Debug;
		};
		3365108F280CE03700299BFB /* Release */ = {
			isa = XCBuildConfiguration;
			buildSettings = {
				ALWAYS_SEARCH_USER_PATHS = NO;
				CLANG_ANALYZER_NONNULL = YES;
				CLANG_ANALYZER_NUMBER_OBJECT_CONVERSION = YES_AGGRESSIVE;
				CLANG_CXX_LANGUAGE_STANDARD = "gnu++17";
				CLANG_ENABLE_MODULES = YES;
				CLANG_ENABLE_OBJC_ARC = YES;
				CLANG_ENABLE_OBJC_WEAK = YES;
				CLANG_WARN_BLOCK_CAPTURE_AUTORELEASING = YES;
				CLANG_WARN_BOOL_CONVERSION = YES;
				CLANG_WARN_COMMA = YES;
				CLANG_WARN_CONSTANT_CONVERSION = YES;
				CLANG_WARN_DEPRECATED_OBJC_IMPLEMENTATIONS = YES;
				CLANG_WARN_DIRECT_OBJC_ISA_USAGE = YES_ERROR;
				CLANG_WARN_DOCUMENTATION_COMMENTS = YES;
				CLANG_WARN_EMPTY_BODY = YES;
				CLANG_WARN_ENUM_CONVERSION = YES;
				CLANG_WARN_INFINITE_RECURSION = YES;
				CLANG_WARN_INT_CONVERSION = YES;
				CLANG_WARN_NON_LITERAL_NULL_CONVERSION = YES;
				CLANG_WARN_OBJC_IMPLICIT_RETAIN_SELF = YES;
				CLANG_WARN_OBJC_LITERAL_CONVERSION = YES;
				CLANG_WARN_OBJC_ROOT_CLASS = YES_ERROR;
				CLANG_WARN_QUOTED_INCLUDE_IN_FRAMEWORK_HEADER = YES;
				CLANG_WARN_RANGE_LOOP_ANALYSIS = YES;
				CLANG_WARN_STRICT_PROTOTYPES = YES;
				CLANG_WARN_SUSPICIOUS_MOVE = YES;
				CLANG_WARN_UNGUARDED_AVAILABILITY = YES_AGGRESSIVE;
				CLANG_WARN_UNREACHABLE_CODE = YES;
				CLANG_WARN__DUPLICATE_METHOD_MATCH = YES;
				COPY_PHASE_STRIP = NO;
				DEBUG_INFORMATION_FORMAT = "dwarf-with-dsym";
				ENABLE_NS_ASSERTIONS = NO;
				ENABLE_STRICT_OBJC_MSGSEND = YES;
				GCC_C_LANGUAGE_STANDARD = gnu11;
				GCC_NO_COMMON_BLOCKS = YES;
				GCC_WARN_64_TO_32_BIT_CONVERSION = YES;
				GCC_WARN_ABOUT_RETURN_TYPE = YES_ERROR;
				GCC_WARN_UNDECLARED_SELECTOR = YES;
				GCC_WARN_UNINITIALIZED_AUTOS = YES_AGGRESSIVE;
				GCC_WARN_UNUSED_FUNCTION = YES;
				GCC_WARN_UNUSED_VARIABLE = YES;
				IPHONEOS_DEPLOYMENT_TARGET = 15.4;
				MTL_ENABLE_DEBUG_INFO = NO;
				MTL_FAST_MATH = YES;
				SDKROOT = iphoneos;
				SWIFT_COMPILATION_MODE = wholemodule;
				SWIFT_OPTIMIZATION_LEVEL = "-O";
				VALIDATE_PRODUCT = YES;
			};
			name = Release;
		};
		33651091280CE03700299BFB /* Debug */ = {
			isa = XCBuildConfiguration;
			buildSettings = {
				ASSETCATALOG_COMPILER_APPICON_NAME = AppIcon;
				ASSETCATALOG_COMPILER_GLOBAL_ACCENT_COLOR_NAME = AccentColor;
				CODE_SIGN_STYLE = Automatic;
				CURRENT_PROJECT_VERSION = 1;
				DEVELOPMENT_ASSET_PATHS = "\"todo_app/Preview Content\"";
				DEVELOPMENT_TEAM = 6F34JZL3M6;
				ENABLE_PREVIEWS = YES;
				GENERATE_INFOPLIST_FILE = YES;
				INFOPLIST_KEY_UIApplicationSceneManifest_Generation = YES;
				INFOPLIST_KEY_UIApplicationSupportsIndirectInputEvents = YES;
				INFOPLIST_KEY_UILaunchScreen_Generation = YES;
				INFOPLIST_KEY_UISupportedInterfaceOrientations_iPad = "UIInterfaceOrientationPortrait UIInterfaceOrientationPortraitUpsideDown UIInterfaceOrientationLandscapeLeft UIInterfaceOrientationLandscapeRight";
				INFOPLIST_KEY_UISupportedInterfaceOrientations_iPhone = "UIInterfaceOrientationPortrait UIInterfaceOrientationLandscapeLeft UIInterfaceOrientationLandscapeRight";
				LD_RUNPATH_SEARCH_PATHS = (
					"$(inherited)",
					"@executable_path/Frameworks",
				);
				MARKETING_VERSION = 1.0;
				PRODUCT_BUNDLE_IDENTIFIER = "SwiftUI-App.todo-app";
				PRODUCT_NAME = "$(TARGET_NAME)";
				SWIFT_EMIT_LOC_STRINGS = YES;
				SWIFT_VERSION = 5.0;
				TARGETED_DEVICE_FAMILY = "1,2";
			};
			name = Debug;
		};
		33651092280CE03700299BFB /* Release */ = {
			isa = XCBuildConfiguration;
			buildSettings = {
				ASSETCATALOG_COMPILER_APPICON_NAME = AppIcon;
				ASSETCATALOG_COMPILER_GLOBAL_ACCENT_COLOR_NAME = AccentColor;
				CODE_SIGN_STYLE = Automatic;
				CURRENT_PROJECT_VERSION = 1;
				DEVELOPMENT_ASSET_PATHS = "\"todo_app/Preview Content\"";
				DEVELOPMENT_TEAM = 6F34JZL3M6;
				ENABLE_PREVIEWS = YES;
				GENERATE_INFOPLIST_FILE = YES;
				INFOPLIST_KEY_UIApplicationSceneManifest_Generation = YES;
				INFOPLIST_KEY_UIApplicationSupportsIndirectInputEvents = YES;
				INFOPLIST_KEY_UILaunchScreen_Generation = YES;
				INFOPLIST_KEY_UISupportedInterfaceOrientations_iPad = "UIInterfaceOrientationPortrait UIInterfaceOrientationPortraitUpsideDown UIInterfaceOrientationLandscapeLeft UIInterfaceOrientationLandscapeRight";
				INFOPLIST_KEY_UISupportedInterfaceOrientations_iPhone = "UIInterfaceOrientationPortrait UIInterfaceOrientationLandscapeLeft UIInterfaceOrientationLandscapeRight";
				LD_RUNPATH_SEARCH_PATHS = (
					"$(inherited)",
					"@executable_path/Frameworks",
				);
				MARKETING_VERSION = 1.0;
				PRODUCT_BUNDLE_IDENTIFIER = "SwiftUI-App.todo-app";
				PRODUCT_NAME = "$(TARGET_NAME)";
				SWIFT_EMIT_LOC_STRINGS = YES;
				SWIFT_VERSION = 5.0;
				TARGETED_DEVICE_FAMILY = "1,2";
			};
			name = Release;
		};
/* End XCBuildConfiguration section */

/* Begin XCConfigurationList section */
		3365107D280CE03500299BFB /* Build configuration list for PBXProject "todo_app" */ = {
			isa = XCConfigurationList;
			buildConfigurations = (
				3365108E280CE03700299BFB /* Debug */,
				3365108F280CE03700299BFB /* Release */,
			);
			defaultConfigurationIsVisible = 0;
			defaultConfigurationName = Release;
		};
		33651090280CE03700299BFB /* Build configuration list for PBXNativeTarget "todo_app" */ = {
			isa = XCConfigurationList;
			buildConfigurations = (
				33651091280CE03700299BFB /* Debug */,
				33651092280CE03700299BFB /* Release */,
			);
			defaultConfigurationIsVisible = 0;
			defaultConfigurationName = Release;
		};
/* End XCConfigurationList section */

/* Begin XCRemoteSwiftPackageReference section */
		3365109D280CE91700299BFB /* XCRemoteSwiftPackageReference "realm-swift" */ = {
			isa = XCRemoteSwiftPackageReference;
			repositoryURL = "https://github.com/realm/realm-swift";
			requirement = {
				kind = upToNextMajorVersion;
				minimumVersion = 10.10.0;
			};
		};
/* End XCRemoteSwiftPackageReference section */

/* Begin XCSwiftPackageProductDependency section */
		3365109E280CE91700299BFB /* Realm */ = {
			isa = XCSwiftPackageProductDependency;
			package = 3365109D280CE91700299BFB /* XCRemoteSwiftPackageReference "realm-swift" */;
			productName = Realm;
		};
		336510A0280CE91700299BFB /* RealmSwift */ = {
			isa = XCSwiftPackageProductDependency;
			package = 3365109D280CE91700299BFB /* XCRemoteSwiftPackageReference "realm-swift" */;
			productName = RealmSwift;
		};
/* End XCSwiftPackageProductDependency section */
	};
	rootObject = 3365107A280CE03500299BFB /* Project object */;
}
